{
  "pins" : [
    {
      "identity" : "multitool",
      "kind" : "remoteSourceControl",
      "location" : "https://github.com/AsioOtus/Multitool",
      "state" : {
        "branch" : "main",
        "revision" : "bd87185c20ece65b46093ef35d50a8f8e6df799a"
      }
    },
    {
      "identity" : "multitool-kit",
      "kind" : "remoteSourceControl",
      "location" : "https://github.com/AsioOtus/multitool-kit",
      "state" : {
        "branch" : "main",
        "revision" : "0d977b7fc6617a1e32fe91034067d3a221d13b58"
      }
    }
  ],
  "version" : 2
}
