{
  "pins" : [
    {
      "identity" : "multitool",
      "kind" : "remoteSourceControl",
      "location" : "https://github.com/AsioOtus/Multitool",
      "state" : {
        "branch" : "main",
        "revision" : "bd87185c20ece65b46093ef35d50a8f8e6df799a"
      }
    },
    {
      "identity" : "multitoolcomplex",
      "kind" : "remoteSourceControl",
      "location" : "https://github.com/AsioOtus/MultitoolComplex",
      "state" : {
        "branch" : "main",
        "revision" : "efd4ae52f902e025bea46bd6c0c7ba9edd7c4fe9"
      }
    }
  ],
  "version" : 2
}
