{
  "pins" : [
    {
      "identity" : "multitool",
      "kind" : "remoteSourceControl",
      "location" : "https://github.com/AsioOtus/Multitool",
      "state" : {
        "branch" : "main",
        "revision" : "bd87185c20ece65b46093ef35d50a8f8e6df799a"
      }
    },
    {
      "identity" : "multitool-kit",
      "kind" : "remoteSourceControl",
      "location" : "https://github.com/AsioOtus/multitool-kit",
      "state" : {
        "branch" : "main",
        "revision" : "a6c73cec73d8c3aa7c4b0331b6cba856b5fb8038"
      }
    }
  ],
  "version" : 2
}
